
Microsoft Visual Studio Solution File, Format Version 12.00
# Visual Studio Version 16
VisualStudioVersion = 16.0.30001.183
MinimumVisualStudioVersion = 10.0.40219.1
Project("{FAE04EC0-301F-11D3-BF4B-00C04F79EFBC}") = "Blazor.Core", "Blazor.Core.csproj", "{DFED3E34-2DF6-440D-BC54-DECCC1B39E37}"
EndProject
Project("{FAE04EC0-301F-11D3-BF4B-00C04F79EFBC}") = "Blazor.Utilities", "..\Blazor.Utilities\Blazor.Utilities.csproj", "{94ACE46A-81E7-4D5C-8811-C2517A6E28B2}"
EndProject
Project("{FAE04EC0-301F-11D3-BF4B-00C04F79EFBC}") = "Blazor.Pages", "..\Blazor.Pages\Blazor.Pages.csproj", "{052F2CAD-941B-48F1-BC3D-0D7A727A1802}"
EndProject
Project("{FAE04EC0-301F-11D3-BF4B-00C04F79EFBC}") = "Blazor.SpecflowTest", "..\Blazor.SpecflowTest\Blazor.SpecflowTest.csproj", "{520234DB-CAB2-4F02-9A90-B455F226D087}"
EndProject
Project("{FAE04EC0-301F-11D3-BF4B-00C04F79EFBC}") = "Blazor.UnitTest", "..\Blazor.UnitTest\Blazor.UnitTest.csproj", "{F53FEAC9-966C-494D-B3E6-C7DFBD3DF8C4}"
EndProject
Project("{FAE04EC0-301F-11D3-BF4B-00C04F79EFBC}") = "Blazor.ReportManager", "..\Blazor.ReportManager\Blazor.ReportManager.csproj", "{8CAF893B-8DB9-4D12-AD51-4CCF64F9EFAA}"
EndProject
Project("{FAE04EC0-301F-11D3-BF4B-00C04F79EFBC}") = "Blazor.LoggerManager", "..\Blazor.LoggerManager\Blazor.LoggerManager.csproj", "{F6A88F99-7BAE-4100-A07F-A5423889F39C}"
EndProject
Global
	GlobalSection(SolutionConfigurationPlatforms) = preSolution
		Debug|Any CPU = Debug|Any CPU
		Release|Any CPU = Release|Any CPU
	EndGlobalSection
	GlobalSection(ProjectConfigurationPlatforms) = postSolution
		{DFED3E34-2DF6-440D-BC54-DECCC1B39E37}.Debug|Any CPU.ActiveCfg = Debug|Any CPU
		{DFED3E34-2DF6-440D-BC54-DECCC1B39E37}.Debug|Any CPU.Build.0 = Debug|Any CPU
		{DFED3E34-2DF6-440D-BC54-DECCC1B39E37}.Release|Any CPU.ActiveCfg = Release|Any CPU
		{DFED3E34-2DF6-440D-BC54-DECCC1B39E37}.Release|Any CPU.Build.0 = Release|Any CPU
		{94ACE46A-81E7-4D5C-8811-C2517A6E28B2}.Debug|Any CPU.ActiveCfg = Debug|Any CPU
		{94ACE46A-81E7-4D5C-8811-C2517A6E28B2}.Debug|Any CPU.Build.0 = Debug|Any CPU
		{94ACE46A-81E7-4D5C-8811-C2517A6E28B2}.Release|Any CPU.ActiveCfg = Release|Any CPU
		{94ACE46A-81E7-4D5C-8811-C2517A6E28B2}.Release|Any CPU.Build.0 = Release|Any CPU
		{052F2CAD-941B-48F1-BC3D-0D7A727A1802}.Debug|Any CPU.ActiveCfg = Debug|Any CPU
		{052F2CAD-941B-48F1-BC3D-0D7A727A1802}.Debug|Any CPU.Build.0 = Debug|Any CPU
		{052F2CAD-941B-48F1-BC3D-0D7A727A1802}.Release|Any CPU.ActiveCfg = Release|Any CPU
		{052F2CAD-941B-48F1-BC3D-0D7A727A1802}.Release|Any CPU.Build.0 = Release|Any CPU
		{520234DB-CAB2-4F02-9A90-B455F226D087}.Debug|Any CPU.ActiveCfg = Debug|Any CPU
		{520234DB-CAB2-4F02-9A90-B455F226D087}.Debug|Any CPU.Build.0 = Debug|Any CPU
		{520234DB-CAB2-4F02-9A90-B455F226D087}.Release|Any CPU.ActiveCfg = Release|Any CPU
		{520234DB-CAB2-4F02-9A90-B455F226D087}.Release|Any CPU.Build.0 = Release|Any CPU
		{F53FEAC9-966C-494D-B3E6-C7DFBD3DF8C4}.Debug|Any CPU.ActiveCfg = Debug|Any CPU
		{F53FEAC9-966C-494D-B3E6-C7DFBD3DF8C4}.Debug|Any CPU.Build.0 = Debug|Any CPU
		{F53FEAC9-966C-494D-B3E6-C7DFBD3DF8C4}.Release|Any CPU.ActiveCfg = Release|Any CPU
		{F53FEAC9-966C-494D-B3E6-C7DFBD3DF8C4}.Release|Any CPU.Build.0 = Release|Any CPU
		{8CAF893B-8DB9-4D12-AD51-4CCF64F9EFAA}.Debug|Any CPU.ActiveCfg = Debug|Any CPU
		{8CAF893B-8DB9-4D12-AD51-4CCF64F9EFAA}.Debug|Any CPU.Build.0 = Debug|Any CPU
		{8CAF893B-8DB9-4D12-AD51-4CCF64F9EFAA}.Release|Any CPU.ActiveCfg = Release|Any CPU
		{8CAF893B-8DB9-4D12-AD51-4CCF64F9EFAA}.Release|Any CPU.Build.0 = Release|Any CPU
		{F6A88F99-7BAE-4100-A07F-A5423889F39C}.Debug|Any CPU.ActiveCfg = Debug|Any CPU
		{F6A88F99-7BAE-4100-A07F-A5423889F39C}.Debug|Any CPU.Build.0 = Debug|Any CPU
		{F6A88F99-7BAE-4100-A07F-A5423889F39C}.Release|Any CPU.ActiveCfg = Release|Any CPU
		{F6A88F99-7BAE-4100-A07F-A5423889F39C}.Release|Any CPU.Build.0 = Release|Any CPU
	EndGlobalSection
	GlobalSection(SolutionProperties) = preSolution
		HideSolutionNode = FALSE
	EndGlobalSection
	GlobalSection(ExtensibilityGlobals) = postSolution
		SolutionGuid = {D36FFF82-AB9F-4DE7-ABF7-743BC670012D}
	EndGlobalSection
EndGlobal
