
Microsoft Visual Studio Solution File, Format Version 12.00
# Visual Studio Version 16
VisualStudioVersion = 16.0.29911.98
MinimumVisualStudioVersion = 10.0.40219.1
Project("{FAE04EC0-301F-11D3-BF4B-00C04F79EFBC}") = "BlazorFramework", "BlazorFramework.csproj", "{BCACCE7C-0AEF-4671-A103-8F02522FEAA7}"
EndProject
Project("{FAE04EC0-301F-11D3-BF4B-00C04F79EFBC}") = "BlazorUtilities", "..\Utilities\BlazorUtilities.csproj", "{257BAAB1-12BE-4A4A-B222-CCB404B460EC}"
EndProject
Project("{FAE04EC0-301F-11D3-BF4B-00C04F79EFBC}") = "BlazorPages", "..\Pages\BlazorPages.csproj", "{FE2C0661-2B0F-4130-9B97-328DA87067F9}"
EndProject
Project("{FAE04EC0-301F-11D3-BF4B-00C04F79EFBC}") = "BlazorTestCases", "..\TestCases\BlazorTestCases.csproj", "{1659B8E5-BA89-45A3-8A87-51AE2DB5BC7B}"
EndProject
Project("{FAE04EC0-301F-11D3-BF4B-00C04F79EFBC}") = "BlazorSpeckflowTests", "..\BlazorSpeckflowTests\BlazorSpeckflowTests.csproj", "{DD4D8735-4BDF-4861-A9B1-287299E8CF6C}"
EndProject
Global
	GlobalSection(SolutionConfigurationPlatforms) = preSolution
		Debug|Any CPU = Debug|Any CPU
		Release|Any CPU = Release|Any CPU
	EndGlobalSection
	GlobalSection(ProjectConfigurationPlatforms) = postSolution
		{BCACCE7C-0AEF-4671-A103-8F02522FEAA7}.Debug|Any CPU.ActiveCfg = Debug|Any CPU
		{BCACCE7C-0AEF-4671-A103-8F02522FEAA7}.Debug|Any CPU.Build.0 = Debug|Any CPU
		{BCACCE7C-0AEF-4671-A103-8F02522FEAA7}.Release|Any CPU.ActiveCfg = Release|Any CPU
		{BCACCE7C-0AEF-4671-A103-8F02522FEAA7}.Release|Any CPU.Build.0 = Release|Any CPU
		{257BAAB1-12BE-4A4A-B222-CCB404B460EC}.Debug|Any CPU.ActiveCfg = Debug|Any CPU
		{257BAAB1-12BE-4A4A-B222-CCB404B460EC}.Debug|Any CPU.Build.0 = Debug|Any CPU
		{257BAAB1-12BE-4A4A-B222-CCB404B460EC}.Release|Any CPU.ActiveCfg = Release|Any CPU
		{257BAAB1-12BE-4A4A-B222-CCB404B460EC}.Release|Any CPU.Build.0 = Release|Any CPU
		{FE2C0661-2B0F-4130-9B97-328DA87067F9}.Debug|Any CPU.ActiveCfg = Debug|Any CPU
		{FE2C0661-2B0F-4130-9B97-328DA87067F9}.Debug|Any CPU.Build.0 = Debug|Any CPU
		{FE2C0661-2B0F-4130-9B97-328DA87067F9}.Release|Any CPU.ActiveCfg = Release|Any CPU
		{FE2C0661-2B0F-4130-9B97-328DA87067F9}.Release|Any CPU.Build.0 = Release|Any CPU
		{1659B8E5-BA89-45A3-8A87-51AE2DB5BC7B}.Debug|Any CPU.ActiveCfg = Debug|Any CPU
		{1659B8E5-BA89-45A3-8A87-51AE2DB5BC7B}.Debug|Any CPU.Build.0 = Debug|Any CPU
		{1659B8E5-BA89-45A3-8A87-51AE2DB5BC7B}.Release|Any CPU.ActiveCfg = Release|Any CPU
		{1659B8E5-BA89-45A3-8A87-51AE2DB5BC7B}.Release|Any CPU.Build.0 = Release|Any CPU
		{DD4D8735-4BDF-4861-A9B1-287299E8CF6C}.Debug|Any CPU.ActiveCfg = Debug|Any CPU
		{DD4D8735-4BDF-4861-A9B1-287299E8CF6C}.Debug|Any CPU.Build.0 = Debug|Any CPU
		{DD4D8735-4BDF-4861-A9B1-287299E8CF6C}.Release|Any CPU.ActiveCfg = Release|Any CPU
		{DD4D8735-4BDF-4861-A9B1-287299E8CF6C}.Release|Any CPU.Build.0 = Release|Any CPU
	EndGlobalSection
	GlobalSection(SolutionProperties) = preSolution
		HideSolutionNode = FALSE
	EndGlobalSection
	GlobalSection(ExtensibilityGlobals) = postSolution
		SolutionGuid = {5D683D96-9FFF-4C76-910B-19C939F5ED02}
	EndGlobalSection
EndGlobal
